{
  "items": {
    "nim-zmq": {
      "dir": "$deps/nim-zmq",
      "url": "https://github.com/nim-lang/nim-zmq",
      "commit": "6eb2f6e4c7b83fd40991a169408bccadf3af4cfc",
      "version": ""
    },
    "nim-taskpools": {
      "dir": "$deps/nim-taskpools",
      "url": "https://github.com/status-im/nim-taskpools",
      "commit": "d4c43137c0590cb47f893a66ca8cb027fa6c217e",
      "version": ""
    },
    "nimpy": {
      "dir": "$deps/nimpy",
      "url": "https://github.com/yglukhov/nimpy",
      "commit": "0645af5e236e52942c589b2829aa93a054cd84d1",
      "version": ""
    },
    "EmptyAtlas": {
      "dir": "$deps/EmptyAtlas",
      "url": "file:///Users/regis.caillaud/Workspace/Test/EmptyAtlas",
      "commit": "0d00f258b7c6bb25ff5e2da5b3ffe7d0ead4538f",
      "version": ""
    }
  },
  "nimcfg": [
    "############# begin Atlas config section ##########",
    "--noNimblePath",
    "--path:\"./nimpy\"",
    "--path:\"./nim-taskpools\"",
    "--path:\"./nim-zmq\"",
    "############# end Atlas config section   ##########",
    ""
  ],
  "nimbleFile": {
    "filename": "EmptyAtlas.nimble",
    "content": [
      "requires \"https://github.com/yglukhov/nimpy\"",
      "",
      "requires \"https://github.com/status-im/nim-taskpools\"",
      "",
      "requires \"https://github.com/nim-lang/nim-zmq\"",
      "",
      ""
    ]
  },
  "hostOS": "macosx",
  "hostCPU": "arm64",
  "nimVersion": "2.1.1",
  "gccVersion": "14.1.0",
  "clangVersion": ""
}